
Microsoft Visual Studio Solution File, Format Version 12.00
# Visual Studio 15
VisualStudioVersion = 15.0.28307.572
MinimumVisualStudioVersion = 10.0.40219.1
Project("{FAE04EC0-301F-11D3-BF4B-00C04F79EFBC}") = "TestPromart", "TestPromart\TestPromart.csproj", "{32778E66-8D96-4A7F-AF31-1222C5F406BA}"
EndProject
Global
	GlobalSection(SolutionConfigurationPlatforms) = preSolution
		Debug|Any CPU = Debug|Any CPU
		Release|Any CPU = Release|Any CPU
	EndGlobalSection
	GlobalSection(ProjectConfigurationPlatforms) = postSolution
		{32778E66-8D96-4A7F-AF31-1222C5F406BA}.Debug|Any CPU.ActiveCfg = Debug|Any CPU
		{32778E66-8D96-4A7F-AF31-1222C5F406BA}.Debug|Any CPU.Build.0 = Debug|Any CPU
		{32778E66-8D96-4A7F-AF31-1222C5F406BA}.Release|Any CPU.ActiveCfg = Release|Any CPU
		{32778E66-8D96-4A7F-AF31-1222C5F406BA}.Release|Any CPU.Build.0 = Release|Any CPU
	EndGlobalSection
	GlobalSection(SolutionProperties) = preSolution
		HideSolutionNode = FALSE
	EndGlobalSection
	GlobalSection(ExtensibilityGlobals) = postSolution
		SolutionGuid = {03559E36-7B55-4986-AC15-1CA6B4573513}
	EndGlobalSection
EndGlobal
